
Microsoft Visual Studio Solution File, Format Version 12.00
# Visual Studio Version 17
VisualStudioVersion = 17.0.31903.59
MinimumVisualStudioVersion = 10.0.40219.1
Project("{2150E333-8FDC-42A3-9474-1A3956D46DE8}") = "Readme", "Readme", "{3DBF6F13-D176-4EFA-B8A8-A03443DF0868}"
	ProjectSection(SolutionItems) = preProject
		Copying.lesser.txt = Copying.lesser.txt
		Copying.txt = Copying.txt
	EndProjectSection
EndProject
Project("{2150E333-8FDC-42A3-9474-1A3956D46DE8}") = "Solution Items", "Solution Items", "{C4E3F8F1-3FE0-48EF-8351-9EAFC51B8F57}"
	ProjectSection(SolutionItems) = preProject
		.editorconfig = .editorconfig
		CreateDatabase.sql = CreateDatabase.sql
	EndProjectSection
EndProject
Project("{9A19103F-16F7-4668-BE54-9A1E7A4F7556}") = "DiagnosticExplorer", "DiagnosticExplorer\DiagnosticExplorer.csproj", "{16838BEE-D45A-459E-971A-8FC87B761585}"
EndProject
Project("{9A19103F-16F7-4668-BE54-9A1E7A4F7556}") = "ConsoleApp", "ConsoleApp\ConsoleApp.csproj", "{FAC8D326-ADCE-428E-B384-501C989FD768}"
EndProject
Project("{9A19103F-16F7-4668-BE54-9A1E7A4F7556}") = "DiagWebService", "DiagWebService\DiagWebService.csproj", "{7C559F85-114A-4DC9-AE8E-894EED86CFAD}"
EndProject
Project("{9A19103F-16F7-4668-BE54-9A1E7A4F7556}") = "WidgetSample", "WidgetSample\WidgetSample.csproj", "{D5C616D7-3DA9-4E7A-BFEC-DF1775861126}"
EndProject
Project("{9A19103F-16F7-4668-BE54-9A1E7A4F7556}") = "DiagnosticExplorer.Hosting", "DiagnosticExplorer.Hosting\DiagnosticExplorer.Hosting.csproj", "{890BF62F-A904-4EF9-9C67-A9CBC681D6BF}"
EndProject
Project("{9A19103F-16F7-4668-BE54-9A1E7A4F7556}") = "Diagnostics.Console", "DiagConsoleService\Diagnostics.Console.csproj", "{762E2899-E326-4A24-996E-CF0CC6FECEC1}"
EndProject
Project("{FAE04EC0-301F-11D3-BF4B-00C04F79EFBC}") = "Diagnostic.Service", "DiagnosticService\Diagnostic.Service.csproj", "{1F3FC42B-C2F8-4FC5-BC27-EDC6E1BF0C04}"
EndProject
Project("{FAE04EC0-301F-11D3-BF4B-00C04F79EFBC}") = "Diagnostics.Service.Common", "Diagnostics.Service.Common\Diagnostics.Service.Common.csproj", "{7552AA23-EDA6-4F11-9177-EEB78A98C5CF}"
EndProject
Global
	GlobalSection(SolutionConfigurationPlatforms) = preSolution
		Debug|Any CPU = Debug|Any CPU
		Debug|Mixed Platforms = Debug|Mixed Platforms
		Debug|x86 = Debug|x86
		Release|Any CPU = Release|Any CPU
		Release|Mixed Platforms = Release|Mixed Platforms
		Release|x86 = Release|x86
	EndGlobalSection
	GlobalSection(ProjectConfigurationPlatforms) = postSolution
		{16838BEE-D45A-459E-971A-8FC87B761585}.Debug|Any CPU.ActiveCfg = Debug|Any CPU
		{16838BEE-D45A-459E-971A-8FC87B761585}.Debug|Any CPU.Build.0 = Debug|Any CPU
		{16838BEE-D45A-459E-971A-8FC87B761585}.Debug|Mixed Platforms.ActiveCfg = Debug|Any CPU
		{16838BEE-D45A-459E-971A-8FC87B761585}.Debug|Mixed Platforms.Build.0 = Debug|Any CPU
		{16838BEE-D45A-459E-971A-8FC87B761585}.Debug|x86.ActiveCfg = Debug|Any CPU
		{16838BEE-D45A-459E-971A-8FC87B761585}.Release|Any CPU.ActiveCfg = Release|Any CPU
		{16838BEE-D45A-459E-971A-8FC87B761585}.Release|Any CPU.Build.0 = Release|Any CPU
		{16838BEE-D45A-459E-971A-8FC87B761585}.Release|Mixed Platforms.ActiveCfg = Release|Any CPU
		{16838BEE-D45A-459E-971A-8FC87B761585}.Release|Mixed Platforms.Build.0 = Release|Any CPU
		{16838BEE-D45A-459E-971A-8FC87B761585}.Release|x86.ActiveCfg = Release|Any CPU
		{FAC8D326-ADCE-428E-B384-501C989FD768}.Debug|Any CPU.ActiveCfg = Debug|Any CPU
		{FAC8D326-ADCE-428E-B384-501C989FD768}.Debug|Any CPU.Build.0 = Debug|Any CPU
		{FAC8D326-ADCE-428E-B384-501C989FD768}.Debug|Mixed Platforms.ActiveCfg = Debug|Any CPU
		{FAC8D326-ADCE-428E-B384-501C989FD768}.Debug|Mixed Platforms.Build.0 = Debug|Any CPU
		{FAC8D326-ADCE-428E-B384-501C989FD768}.Debug|x86.ActiveCfg = Debug|Any CPU
		{FAC8D326-ADCE-428E-B384-501C989FD768}.Debug|x86.Build.0 = Debug|Any CPU
		{FAC8D326-ADCE-428E-B384-501C989FD768}.Release|Any CPU.ActiveCfg = Release|Any CPU
		{FAC8D326-ADCE-428E-B384-501C989FD768}.Release|Any CPU.Build.0 = Release|Any CPU
		{FAC8D326-ADCE-428E-B384-501C989FD768}.Release|Mixed Platforms.ActiveCfg = Release|Any CPU
		{FAC8D326-ADCE-428E-B384-501C989FD768}.Release|Mixed Platforms.Build.0 = Release|Any CPU
		{FAC8D326-ADCE-428E-B384-501C989FD768}.Release|x86.ActiveCfg = Release|Any CPU
		{FAC8D326-ADCE-428E-B384-501C989FD768}.Release|x86.Build.0 = Release|Any CPU
		{7C559F85-114A-4DC9-AE8E-894EED86CFAD}.Debug|Any CPU.ActiveCfg = Debug|Any CPU
		{7C559F85-114A-4DC9-AE8E-894EED86CFAD}.Debug|Any CPU.Build.0 = Debug|Any CPU
		{7C559F85-114A-4DC9-AE8E-894EED86CFAD}.Debug|Mixed Platforms.ActiveCfg = Debug|Any CPU
		{7C559F85-114A-4DC9-AE8E-894EED86CFAD}.Debug|Mixed Platforms.Build.0 = Debug|Any CPU
		{7C559F85-114A-4DC9-AE8E-894EED86CFAD}.Debug|x86.ActiveCfg = Debug|Any CPU
		{7C559F85-114A-4DC9-AE8E-894EED86CFAD}.Debug|x86.Build.0 = Debug|Any CPU
		{7C559F85-114A-4DC9-AE8E-894EED86CFAD}.Release|Any CPU.ActiveCfg = Release|Any CPU
		{7C559F85-114A-4DC9-AE8E-894EED86CFAD}.Release|Any CPU.Build.0 = Release|Any CPU
		{7C559F85-114A-4DC9-AE8E-894EED86CFAD}.Release|Mixed Platforms.ActiveCfg = Release|Any CPU
		{7C559F85-114A-4DC9-AE8E-894EED86CFAD}.Release|Mixed Platforms.Build.0 = Release|Any CPU
		{7C559F85-114A-4DC9-AE8E-894EED86CFAD}.Release|x86.ActiveCfg = Release|Any CPU
		{7C559F85-114A-4DC9-AE8E-894EED86CFAD}.Release|x86.Build.0 = Release|Any CPU
		{D5C616D7-3DA9-4E7A-BFEC-DF1775861126}.Debug|Any CPU.ActiveCfg = Debug|Any CPU
		{D5C616D7-3DA9-4E7A-BFEC-DF1775861126}.Debug|Any CPU.Build.0 = Debug|Any CPU
		{D5C616D7-3DA9-4E7A-BFEC-DF1775861126}.Debug|Mixed Platforms.ActiveCfg = Debug|Any CPU
		{D5C616D7-3DA9-4E7A-BFEC-DF1775861126}.Debug|Mixed Platforms.Build.0 = Debug|Any CPU
		{D5C616D7-3DA9-4E7A-BFEC-DF1775861126}.Debug|x86.ActiveCfg = Debug|Any CPU
		{D5C616D7-3DA9-4E7A-BFEC-DF1775861126}.Debug|x86.Build.0 = Debug|Any CPU
		{D5C616D7-3DA9-4E7A-BFEC-DF1775861126}.Release|Any CPU.ActiveCfg = Release|Any CPU
		{D5C616D7-3DA9-4E7A-BFEC-DF1775861126}.Release|Any CPU.Build.0 = Release|Any CPU
		{D5C616D7-3DA9-4E7A-BFEC-DF1775861126}.Release|Mixed Platforms.ActiveCfg = Release|Any CPU
		{D5C616D7-3DA9-4E7A-BFEC-DF1775861126}.Release|Mixed Platforms.Build.0 = Release|Any CPU
		{D5C616D7-3DA9-4E7A-BFEC-DF1775861126}.Release|x86.ActiveCfg = Release|Any CPU
		{D5C616D7-3DA9-4E7A-BFEC-DF1775861126}.Release|x86.Build.0 = Release|Any CPU
		{890BF62F-A904-4EF9-9C67-A9CBC681D6BF}.Debug|Any CPU.ActiveCfg = Debug|Any CPU
		{890BF62F-A904-4EF9-9C67-A9CBC681D6BF}.Debug|Any CPU.Build.0 = Debug|Any CPU
		{890BF62F-A904-4EF9-9C67-A9CBC681D6BF}.Debug|Mixed Platforms.ActiveCfg = Debug|Any CPU
		{890BF62F-A904-4EF9-9C67-A9CBC681D6BF}.Debug|Mixed Platforms.Build.0 = Debug|Any CPU
		{890BF62F-A904-4EF9-9C67-A9CBC681D6BF}.Debug|x86.ActiveCfg = Debug|Any CPU
		{890BF62F-A904-4EF9-9C67-A9CBC681D6BF}.Debug|x86.Build.0 = Debug|Any CPU
		{890BF62F-A904-4EF9-9C67-A9CBC681D6BF}.Release|Any CPU.ActiveCfg = Release|Any CPU
		{890BF62F-A904-4EF9-9C67-A9CBC681D6BF}.Release|Any CPU.Build.0 = Release|Any CPU
		{890BF62F-A904-4EF9-9C67-A9CBC681D6BF}.Release|Mixed Platforms.ActiveCfg = Release|Any CPU
		{890BF62F-A904-4EF9-9C67-A9CBC681D6BF}.Release|Mixed Platforms.Build.0 = Release|Any CPU
		{890BF62F-A904-4EF9-9C67-A9CBC681D6BF}.Release|x86.ActiveCfg = Release|Any CPU
		{890BF62F-A904-4EF9-9C67-A9CBC681D6BF}.Release|x86.Build.0 = Release|Any CPU
		{762E2899-E326-4A24-996E-CF0CC6FECEC1}.Debug|Any CPU.ActiveCfg = Debug|Any CPU
		{762E2899-E326-4A24-996E-CF0CC6FECEC1}.Debug|Any CPU.Build.0 = Debug|Any CPU
		{762E2899-E326-4A24-996E-CF0CC6FECEC1}.Debug|Mixed Platforms.ActiveCfg = Debug|Any CPU
		{762E2899-E326-4A24-996E-CF0CC6FECEC1}.Debug|Mixed Platforms.Build.0 = Debug|Any CPU
		{762E2899-E326-4A24-996E-CF0CC6FECEC1}.Debug|x86.ActiveCfg = Debug|Any CPU
		{762E2899-E326-4A24-996E-CF0CC6FECEC1}.Debug|x86.Build.0 = Debug|Any CPU
		{762E2899-E326-4A24-996E-CF0CC6FECEC1}.Release|Any CPU.ActiveCfg = Release|Any CPU
		{762E2899-E326-4A24-996E-CF0CC6FECEC1}.Release|Any CPU.Build.0 = Release|Any CPU
		{762E2899-E326-4A24-996E-CF0CC6FECEC1}.Release|Mixed Platforms.ActiveCfg = Release|Any CPU
		{762E2899-E326-4A24-996E-CF0CC6FECEC1}.Release|Mixed Platforms.Build.0 = Release|Any CPU
		{762E2899-E326-4A24-996E-CF0CC6FECEC1}.Release|x86.ActiveCfg = Release|Any CPU
		{762E2899-E326-4A24-996E-CF0CC6FECEC1}.Release|x86.Build.0 = Release|Any CPU
		{1F3FC42B-C2F8-4FC5-BC27-EDC6E1BF0C04}.Debug|Any CPU.ActiveCfg = Debug|Any CPU
		{1F3FC42B-C2F8-4FC5-BC27-EDC6E1BF0C04}.Debug|Any CPU.Build.0 = Debug|Any CPU
		{1F3FC42B-C2F8-4FC5-BC27-EDC6E1BF0C04}.Debug|Mixed Platforms.ActiveCfg = Debug|Any CPU
		{1F3FC42B-C2F8-4FC5-BC27-EDC6E1BF0C04}.Debug|Mixed Platforms.Build.0 = Debug|Any CPU
		{1F3FC42B-C2F8-4FC5-BC27-EDC6E1BF0C04}.Debug|x86.ActiveCfg = Debug|Any CPU
		{1F3FC42B-C2F8-4FC5-BC27-EDC6E1BF0C04}.Debug|x86.Build.0 = Debug|Any CPU
		{1F3FC42B-C2F8-4FC5-BC27-EDC6E1BF0C04}.Release|Any CPU.ActiveCfg = Release|Any CPU
		{1F3FC42B-C2F8-4FC5-BC27-EDC6E1BF0C04}.Release|Any CPU.Build.0 = Release|Any CPU
		{1F3FC42B-C2F8-4FC5-BC27-EDC6E1BF0C04}.Release|Mixed Platforms.ActiveCfg = Release|Any CPU
		{1F3FC42B-C2F8-4FC5-BC27-EDC6E1BF0C04}.Release|Mixed Platforms.Build.0 = Release|Any CPU
		{1F3FC42B-C2F8-4FC5-BC27-EDC6E1BF0C04}.Release|x86.ActiveCfg = Release|Any CPU
		{1F3FC42B-C2F8-4FC5-BC27-EDC6E1BF0C04}.Release|x86.Build.0 = Release|Any CPU
		{7552AA23-EDA6-4F11-9177-EEB78A98C5CF}.Debug|Any CPU.ActiveCfg = Debug|Any CPU
		{7552AA23-EDA6-4F11-9177-EEB78A98C5CF}.Debug|Any CPU.Build.0 = Debug|Any CPU
		{7552AA23-EDA6-4F11-9177-EEB78A98C5CF}.Debug|Mixed Platforms.ActiveCfg = Debug|Any CPU
		{7552AA23-EDA6-4F11-9177-EEB78A98C5CF}.Debug|Mixed Platforms.Build.0 = Debug|Any CPU
		{7552AA23-EDA6-4F11-9177-EEB78A98C5CF}.Debug|x86.ActiveCfg = Debug|Any CPU
		{7552AA23-EDA6-4F11-9177-EEB78A98C5CF}.Debug|x86.Build.0 = Debug|Any CPU
		{7552AA23-EDA6-4F11-9177-EEB78A98C5CF}.Release|Any CPU.ActiveCfg = Release|Any CPU
		{7552AA23-EDA6-4F11-9177-EEB78A98C5CF}.Release|Any CPU.Build.0 = Release|Any CPU
		{7552AA23-EDA6-4F11-9177-EEB78A98C5CF}.Release|Mixed Platforms.ActiveCfg = Release|Any CPU
		{7552AA23-EDA6-4F11-9177-EEB78A98C5CF}.Release|Mixed Platforms.Build.0 = Release|Any CPU
		{7552AA23-EDA6-4F11-9177-EEB78A98C5CF}.Release|x86.ActiveCfg = Release|Any CPU
		{7552AA23-EDA6-4F11-9177-EEB78A98C5CF}.Release|x86.Build.0 = Release|Any CPU
	EndGlobalSection
	GlobalSection(SolutionProperties) = preSolution
		HideSolutionNode = FALSE
	EndGlobalSection
	GlobalSection(ExtensibilityGlobals) = postSolution
		SolutionGuid = {9B8A4FC9-3F24-4081-9C84-EFC220301376}
		EnterpriseLibraryConfigurationToolBinariesPathV6 = packages\EnterpriseLibrary.Common.6.0.1304.0\lib\NET45;packages\EnterpriseLibrary.Data.6.0.1304.0\lib\NET45
	EndGlobalSection
EndGlobal
