<Solution>
  <Configurations>
    <Platform Name="Any CPU" />
    <Platform Name="Mixed Platforms" />
    <Platform Name="x86" />
  </Configurations>
  <Folder Name="/Samples/">
    <Project Path="samples/WidgetSample.Net10.Mel/WidgetSample.Net10.Mel.csproj" />
    <Project Path="samples/WidgetSample.Net10.NLog/WidgetSample.Net10.NLog.csproj" />
    <Project Path="samples/WidgetSample.Net10.Serilog/WidgetSample.Net10.Serilog.csproj" />
    <Project Path="samples/WidgetSample.Net48.Log4Net/WidgetSample.Net48.Log4Net.csproj" />
    <Project Path="samples/WidgetSampleNuget/WidgetSampleNuget.csproj" />
  </Folder>
  <Folder Name="/Solution Items/">
    <File Path=".editorconfig" />
  </Folder>
  <Project Path="DiagnosticExplorer.Hosting/DiagnosticExplorer.Hosting.csproj" />
  <Project Path="DiagnosticExplorer.Extensions.Logging/DiagnosticExplorer.Extensions.Logging.csproj" />
  <Project Path="DiagnosticExplorer.Log4Net/DiagnosticExplorer.Log4Net.csproj" />
  <Project Path="DiagnosticExplorer.NLog/DiagnosticExplorer.NLog.csproj" />
  <Project Path="DiagnosticExplorer.Serilog/DiagnosticExplorer.Serilog.csproj" />
  <Project Path="DiagnosticExplorer.Logging.Tests/DiagnosticExplorer.Logging.Tests.csproj" />
  <Project Path="DiagnosticExplorer/DiagnosticExplorer.csproj">
    <Build Solution="*|x86" Project="false" />
  </Project>
  <Project Path="DiagnosticService/Diagnostic.Service.csproj" />
</Solution>
